
Microsoft Visual Studio Solution File, Format Version 12.00
# Visual Studio 15
VisualStudioVersion = 15.0.27703.2026
MinimumVisualStudioVersion = 10.0.40219.1
Project("{FAE04EC0-301F-11D3-BF4B-00C04F79EFBC}") = "PS3DumpChecker", "PS3DumpChecker\PS3DumpChecker.csproj", "{231AF43E-75F0-4E50-BEBA-9198F45A8BAA}"
EndProject
Global
	GlobalSection(SolutionConfigurationPlatforms) = preSolution
		Debug_Embedded|Any CPU = Debug_Embedded|Any CPU
		Debug|Any CPU = Debug|Any CPU
		Release_Embedded|Any CPU = Release_Embedded|Any CPU
		Release|Any CPU = Release|Any CPU
	EndGlobalSection
	GlobalSection(ProjectConfigurationPlatforms) = postSolution
		{231AF43E-75F0-4E50-BEBA-9198F45A8BAA}.Debug_Embedded|Any CPU.ActiveCfg = Debug_Embedded|Any CPU
		{231AF43E-75F0-4E50-BEBA-9198F45A8BAA}.Debug_Embedded|Any CPU.Build.0 = Debug_Embedded|Any CPU
		{231AF43E-75F0-4E50-BEBA-9198F45A8BAA}.Debug|Any CPU.ActiveCfg = Debug|Any CPU
		{231AF43E-75F0-4E50-BEBA-9198F45A8BAA}.Debug|Any CPU.Build.0 = Debug|Any CPU
		{231AF43E-75F0-4E50-BEBA-9198F45A8BAA}.Release_Embedded|Any CPU.ActiveCfg = Release_Embedded|Any CPU
		{231AF43E-75F0-4E50-BEBA-9198F45A8BAA}.Release_Embedded|Any CPU.Build.0 = Release_Embedded|Any CPU
		{231AF43E-75F0-4E50-BEBA-9198F45A8BAA}.Release|Any CPU.ActiveCfg = Release|Any CPU
		{231AF43E-75F0-4E50-BEBA-9198F45A8BAA}.Release|Any CPU.Build.0 = Release|Any CPU
	EndGlobalSection
	GlobalSection(SolutionProperties) = preSolution
		HideSolutionNode = FALSE
	EndGlobalSection
	GlobalSection(ExtensibilityGlobals) = postSolution
		SolutionGuid = {804D3A71-8835-4620-88CC-6A2575012EF6}
	EndGlobalSection
EndGlobal
